lockfileVersion: '9.0'

settings:
  autoInstallPeers: true
  excludeLinksFromLockfile: false

importers:

  .: {}

  packages/seren-common: {}

  packages/seren-core:
    dependencies:
      seren-common:
        specifier: workspace:^
        version: link:../seren-common

  packages/seren-openjpeg: {}

  packages/seren-viewer:
    dependencies:
      seren-common:
        specifier: workspace:^
        version: link:../seren-common

  packages/seren-web:
    dependencies:
      '@fluent/bundle':
        specifier: ^0.18.0
        version: 0.18.0
      '@fluent/dom':
        specifier: ^0.10.0
        version: 0.10.0

  packages/seren-worker:
    dependencies:
      seren-core:
        specifier: workspace:^
        version: link:../seren-core

packages:

  '@fluent/bundle@0.18.0':
    resolution: {integrity: sha512-8Wfwu9q8F9g2FNnv82g6Ch/E1AW1wwljsUOolH5NEtdJdv0sZTuWvfCM7c3teB9dzNaJA8rn4khpidpozHWYEA==}
    engines: {node: '>=14.0.0', npm: '>=7.0.0'}

  '@fluent/dom@0.10.0':
    resolution: {integrity: sha512-31a+GJRg6Xhpw9IQ8yNiHhegd10g1DvC30TMSO52bFpjJVJqfQHTuLKFSORNR5xI1oyP4RU4lGLho9+HaC/pVQ==}
    engines: {node: '>=18.0.0', npm: '>=7.0.0'}

  cached-iterable@0.3.0:
    resolution: {integrity: sha512-MDqM6TpBVebZD4UDtmlFp8EjVtRcsB6xt9aRdWymjk0fWVUUGgmt/V7o0H0gkI2Tkvv8B0ucjidZm4mLosdlWw==}
    engines: {node: '>=8.9.0'}

snapshots:

  '@fluent/bundle@0.18.0': {}

  '@fluent/dom@0.10.0':
    dependencies:
      cached-iterable: 0.3.0

  cached-iterable@0.3.0: {}
